<?xml version="1.0" encoding="utf-8"?>
<Project ToolsVersion="4.0" xmlns="http://schemas.microsoft.com/developer/msbuild/2003">
  <ItemGroup>
    <Filter Include="Source Files">
      <UniqueIdentifier>{4FC737F1-C7A5-4376-A066-2A32D752A2FF}</UniqueIdentifier>
      <Extensions>cpp;c;cc;cxx;def;odl;idl;hpj;bat;asm;asmx</Extensions>
    </Filter>
    <Filter Include="Header Files">
      <UniqueIdentifier>{93995380-89BD-4b04-88EB-625FBE52EBFB}</UniqueIdentifier>
      <Extensions>h;hh;hpp;hxx;hm;inl;inc;xsd</Extensions>
    </Filter>
    <Filter Include="Resource Files">
      <UniqueIdentifier>{67DA6AB6-F800-4c08-8B7A-83BB121AAD01}</UniqueIdentifier>
      <Extensions>rc;ico;cur;bmp;dlg;rc2;rct;bin;rgs;gif;jpg;jpeg;jpe;resx;tiff;tif;png;wav;mfcribbon-ms</Extensions>
    </Filter>
    <Filter Include="Shader Programs">
      <UniqueIdentifier>{7794d119-6e25-48a0-9ce5-190864206b1e}</UniqueIdentifier>
    </Filter>
    <Filter Include="Shader Programs\Standard">
      <UniqueIdentifier>{18b2575c-b274-4c25-89c5-ae6682d55746}</UniqueIdentifier>
    </Filter>
    <Filter Include="Shader Programs\Lamp">
      <UniqueIdentifier>{5151abe3-14bc-4019-a69b-a6479cdc783d}</UniqueIdentifier>
    </Filter>
    <Filter Include="Shader Programs\OutlineShader">
      <UniqueIdentifier>{ee52c43c-424d-4599-8320-6b21f19317d1}</UniqueIdentifier>
    </Filter>
    <Filter Include="Shader Programs\Blending">
      <UniqueIdentifier>{87b463e2-4c73-48a8-bf7d-cec5291a3fb5}</UniqueIdentifier>
    </Filter>
    <Filter Include="Shader Programs\PostProcessing">
      <UniqueIdentifier>{46719221-176f-4c8d-a556-fc0870526436}</UniqueIdentifier>
    </Filter>
    <Filter Include="Shader Programs\Sybox">
      <UniqueIdentifier>{d72f6b5b-9d46-4f5a-ad2e-049ea60e1bec}</UniqueIdentifier>
    </Filter>
    <Filter Include="Shader Programs\Reflective">
      <UniqueIdentifier>{6c8616c9-daee-4323-ba98-b436b22b3918}</UniqueIdentifier>
    </Filter>
    <Filter Include="Shader Programs\Refraction">
      <UniqueIdentifier>{57e58c63-6f38-4813-8ee2-db595d668773}</UniqueIdentifier>
    </Filter>
    <Filter Include="Shader Programs\GeometryExample">
      <UniqueIdentifier>{69bc7b2c-84d8-4f18-945e-bee12d4d0289}</UniqueIdentifier>
    </Filter>
    <Filter Include="Shader Programs\Explode">
      <UniqueIdentifier>{08842277-2810-4609-af54-8823dcd04e44}</UniqueIdentifier>
    </Filter>
    <Filter Include="Shader Programs\Normal Visualizer">
      <UniqueIdentifier>{959fd66c-d4ed-4a42-b045-51a0b97c4fb6}</UniqueIdentifier>
    </Filter>
    <Filter Include="Shader Programs\InstancingExample">
      <UniqueIdentifier>{f13b761e-a60b-438c-99c2-6667809364fb}</UniqueIdentifier>
    </Filter>
    <Filter Include="Shader Programs\SimpleTextured">
      <UniqueIdentifier>{818f0564-301e-4323-a0bc-62a99c025c64}</UniqueIdentifier>
    </Filter>
    <Filter Include="Shader Programs\SimpleTexturedQuad">
      <UniqueIdentifier>{e2948376-7f87-4043-9eb2-cad788b7e7a1}</UniqueIdentifier>
    </Filter>
    <Filter Include="Shader Programs\Blinn-Phong Lighting">
      <UniqueIdentifier>{ad791568-1232-4189-b642-97ddff91f645}</UniqueIdentifier>
    </Filter>
    <Filter Include="Shader Programs\SimpleDepthShader">
      <UniqueIdentifier>{b075b11e-b57a-43fa-b678-76257916817b}</UniqueIdentifier>
    </Filter>
    <Filter Include="Shader Programs\DepthDebugger">
      <UniqueIdentifier>{a7e826c4-a170-49e5-b8c9-01c65b104437}</UniqueIdentifier>
    </Filter>
    <Filter Include="Shader Programs\Shadow Mapping">
      <UniqueIdentifier>{d020c64a-ddf8-4138-9159-cbae06ad115b}</UniqueIdentifier>
    </Filter>
    <Filter Include="Shader Programs\Cube Map Depth">
      <UniqueIdentifier>{10bfa2f9-5a3d-4d76-b04f-731bcd72a913}</UniqueIdentifier>
    </Filter>
    <Filter Include="Shader Programs\Point Shadow Mapping">
      <UniqueIdentifier>{cb49f5ff-dde8-4353-bb8c-f5203f12607b}</UniqueIdentifier>
    </Filter>
  </ItemGroup>
  <ItemGroup>
    <ClCompile Include="src\main.cpp">
      <Filter>Source Files</Filter>
    </ClCompile>
    <ClCompile Include="..\..\Libraries\GLAD\src\glad.c">
      <Filter>Source Files</Filter>
    </ClCompile>
    <ClCompile Include="src\shader.cpp">
      <Filter>Source Files</Filter>
    </ClCompile>
    <ClCompile Include="src\stb_image.cpp">
      <Filter>Source Files</Filter>
    </ClCompile>
    <ClCompile Include="src\camera.cpp">
      <Filter>Source Files</Filter>
    </ClCompile>
    <ClCompile Include="src\mesh.cpp">
      <Filter>Source Files</Filter>
    </ClCompile>
    <ClCompile Include="src\model.cpp">
      <Filter>Source Files</Filter>
    </ClCompile>
  </ItemGroup>
  <ItemGroup>
    <ClInclude Include="include\shader.h">
      <Filter>Header Files</Filter>
    </ClInclude>
    <ClInclude Include="include\stb_image.h">
      <Filter>Header Files</Filter>
    </ClInclude>
    <ClInclude Include="include\camera.h">
      <Filter>Header Files</Filter>
    </ClInclude>
    <ClInclude Include="include\mesh.h">
      <Filter>Header Files</Filter>
    </ClInclude>
    <ClInclude Include="include\model.h">
      <Filter>Header Files</Filter>
    </ClInclude>
  </ItemGroup>
  <ItemGroup>
    <None Include="shaders\standard.fs">
      <Filter>Shader Programs\Standard</Filter>
    </None>
    <None Include="shaders\lamp.fs">
      <Filter>Shader Programs\Lamp</Filter>
    </None>
    <None Include="shaders\lamp.vs">
      <Filter>Shader Programs\Lamp</Filter>
    </None>
    <None Include="shaders\outline.fs">
      <Filter>Shader Programs\OutlineShader</Filter>
    </None>
    <None Include="shaders\blending.fs">
      <Filter>Shader Programs\Blending</Filter>
    </None>
    <None Include="shaders\standard.vs">
      <Filter>Shader Programs\Standard</Filter>
    </None>
    <None Include="shaders\simple.vs">
      <Filter>Shader Programs\SimpleTexturedQuad</Filter>
    </None>
    <None Include="shaders\simple.fs">
      <Filter>Shader Programs\SimpleTexturedQuad</Filter>
    </None>
    <None Include="shaders\inverse.fs">
      <Filter>Shader Programs\PostProcessing</Filter>
    </None>
    <None Include="shaders\grayscale.fs">
      <Filter>Shader Programs\PostProcessing</Filter>
    </None>
    <None Include="shaders\kernel.fs">
      <Filter>Shader Programs\PostProcessing</Filter>
    </None>
    <None Include="shaders\skybox.vs">
      <Filter>Shader Programs\Sybox</Filter>
    </None>
    <None Include="shaders\skybox.fs">
      <Filter>Shader Programs\Sybox</Filter>
    </None>
    <None Include="shaders\reflection.vs">
      <Filter>Shader Programs\Reflective</Filter>
    </None>
    <None Include="shaders\reflection.fs">
      <Filter>Shader Programs\Reflective</Filter>
    </None>
    <None Include="shaders\refraction.fs">
      <Filter>Shader Programs\Refraction</Filter>
    </None>
    <None Include="shaders\geometry_example.fs">
      <Filter>Shader Programs\GeometryExample</Filter>
    </None>
    <None Include="shaders\geometry_example.gs">
      <Filter>Shader Programs\GeometryExample</Filter>
    </None>
    <None Include="shaders\geometry_example.vs">
      <Filter>Shader Programs\GeometryExample</Filter>
    </None>
    <None Include="shaders\explode.gs">
      <Filter>Shader Programs\Explode</Filter>
    </None>
    <None Include="shaders\explode.fs">
      <Filter>Shader Programs\Explode</Filter>
    </None>
    <None Include="shaders\explode.vs">
      <Filter>Shader Programs\Explode</Filter>
    </None>
    <None Include="shaders\normal_visualizer.vs">
      <Filter>Shader Programs\Normal Visualizer</Filter>
    </None>
    <None Include="shaders\normal_visualizer.gs">
      <Filter>Shader Programs\Normal Visualizer</Filter>
    </None>
    <None Include="shaders\normal_visualizer.fs">
      <Filter>Shader Programs\Normal Visualizer</Filter>
    </None>
    <None Include="shaders\instancing_example.vs">
      <Filter>Shader Programs\InstancingExample</Filter>
    </None>
    <None Include="shaders\instancing_example.fs">
      <Filter>Shader Programs\InstancingExample</Filter>
    </None>
    <None Include="shaders\simple_textured.vs">
      <Filter>Shader Programs\SimpleTextured</Filter>
    </None>
    <None Include="shaders\blinn_phong.vs">
      <Filter>Shader Programs\Blinn-Phong Lighting</Filter>
    </None>
    <None Include="shaders\blinn_phong.fs">
      <Filter>Shader Programs\Blinn-Phong Lighting</Filter>
    </None>
    <None Include="shaders\shadow_mapping_depth.vs">
      <Filter>Shader Programs\SimpleDepthShader</Filter>
    </None>
    <None Include="shaders\shadow_mapping_depth.fs">
      <Filter>Shader Programs\SimpleDepthShader</Filter>
    </None>
    <None Include="shaders\debug_depth_quad.vs">
      <Filter>Shader Programs\DepthDebugger</Filter>
    </None>
    <None Include="shaders\debug_depth_quad.fs">
      <Filter>Shader Programs\DepthDebugger</Filter>
    </None>
    <None Include="shaders\shadow_mapping.vs">
      <Filter>Shader Programs\Shadow Mapping</Filter>
    </None>
    <None Include="shaders\shadow_mapping.fs">
      <Filter>Shader Programs\Shadow Mapping</Filter>
    </None>
    <None Include="shaders\cube_map_depth.vs">
      <Filter>Shader Programs\Cube Map Depth</Filter>
    </None>
    <None Include="shaders\cube_map_depth.fs">
      <Filter>Shader Programs\Cube Map Depth</Filter>
    </None>
    <None Include="shaders\cube_map_depth.gs">
      <Filter>Shader Programs\Cube Map Depth</Filter>
    </None>
    <None Include="shaders\point_shadow_mapping.vs">
      <Filter>Shader Programs\Point Shadow Mapping</Filter>
    </None>
    <None Include="shaders\point_shadow_mapping.fs">
      <Filter>Shader Programs\Point Shadow Mapping</Filter>
    </None>
  </ItemGroup>
</Project>