<?xml version="1.0" encoding="utf-8"?>
<Project ToolsVersion="4.0" xmlns="http://schemas.microsoft.com/developer/msbuild/2003">
  <ItemGroup>
    <Filter Include="Source Files">
      <UniqueIdentifier>{4FC737F1-C7A5-4376-A066-2A32D752A2FF}</UniqueIdentifier>
      <Extensions>cpp;c;cc;cxx;def;odl;idl;hpj;bat;asm;asmx</Extensions>
    </Filter>
    <Filter Include="Header Files">
      <UniqueIdentifier>{93995380-89BD-4b04-88EB-625FBE52EBFB}</UniqueIdentifier>
      <Extensions>h;hh;hpp;hxx;hm;inl;inc;xsd</Extensions>
    </Filter>
    <Filter Include="Resource Files">
      <UniqueIdentifier>{67DA6AB6-F800-4c08-8B7A-83BB121AAD01}</UniqueIdentifier>
      <Extensions>rc;ico;cur;bmp;dlg;rc2;rct;bin;rgs;gif;jpg;jpeg;jpe;resx;tiff;tif;png;wav;mfcribbon-ms</Extensions>
    </Filter>
    <Filter Include="Shader Files">
      <UniqueIdentifier>{7794d119-6e25-48a0-9ce5-190864206b1e}</UniqueIdentifier>
    </Filter>
    <Filter Include="Shader Files\Standard">
      <UniqueIdentifier>{18b2575c-b274-4c25-89c5-ae6682d55746}</UniqueIdentifier>
    </Filter>
    <Filter Include="Shader Files\Lamp">
      <UniqueIdentifier>{5151abe3-14bc-4019-a69b-a6479cdc783d}</UniqueIdentifier>
    </Filter>
    <Filter Include="Shader Files\OutlineShader">
      <UniqueIdentifier>{ee52c43c-424d-4599-8320-6b21f19317d1}</UniqueIdentifier>
    </Filter>
    <Filter Include="Shader Files\Blending">
      <UniqueIdentifier>{87b463e2-4c73-48a8-bf7d-cec5291a3fb5}</UniqueIdentifier>
    </Filter>
    <Filter Include="Shader Files\Simple">
      <UniqueIdentifier>{e2948376-7f87-4043-9eb2-cad788b7e7a1}</UniqueIdentifier>
    </Filter>
    <Filter Include="Shader Files\PostProcessing">
      <UniqueIdentifier>{46719221-176f-4c8d-a556-fc0870526436}</UniqueIdentifier>
    </Filter>
  </ItemGroup>
  <ItemGroup>
    <ClCompile Include="src\main.cpp">
      <Filter>Source Files</Filter>
    </ClCompile>
    <ClCompile Include="..\..\Libraries\GLAD\src\glad.c">
      <Filter>Source Files</Filter>
    </ClCompile>
    <ClCompile Include="src\shader.cpp">
      <Filter>Source Files</Filter>
    </ClCompile>
    <ClCompile Include="src\stb_image.cpp">
      <Filter>Source Files</Filter>
    </ClCompile>
    <ClCompile Include="src\camera.cpp">
      <Filter>Source Files</Filter>
    </ClCompile>
    <ClCompile Include="src\mesh.cpp">
      <Filter>Source Files</Filter>
    </ClCompile>
    <ClCompile Include="src\model.cpp">
      <Filter>Source Files</Filter>
    </ClCompile>
  </ItemGroup>
  <ItemGroup>
    <ClInclude Include="include\shader.h">
      <Filter>Header Files</Filter>
    </ClInclude>
    <ClInclude Include="include\stb_image.h">
      <Filter>Header Files</Filter>
    </ClInclude>
    <ClInclude Include="include\camera.h">
      <Filter>Header Files</Filter>
    </ClInclude>
    <ClInclude Include="include\mesh.h">
      <Filter>Header Files</Filter>
    </ClInclude>
    <ClInclude Include="include\model.h">
      <Filter>Header Files</Filter>
    </ClInclude>
  </ItemGroup>
  <ItemGroup>
    <None Include="shaders\standard.fs">
      <Filter>Shader Files\Standard</Filter>
    </None>
    <None Include="shaders\lamp.fs">
      <Filter>Shader Files\Lamp</Filter>
    </None>
    <None Include="shaders\lamp.vs">
      <Filter>Shader Files\Lamp</Filter>
    </None>
    <None Include="shaders\outline.fs">
      <Filter>Shader Files\OutlineShader</Filter>
    </None>
    <None Include="shaders\blending.fs">
      <Filter>Shader Files\Blending</Filter>
    </None>
    <None Include="shaders\standard.vs">
      <Filter>Shader Files\Standard</Filter>
    </None>
    <None Include="shaders\simple.vs">
      <Filter>Shader Files\Simple</Filter>
    </None>
    <None Include="shaders\simple.fs">
      <Filter>Shader Files\Simple</Filter>
    </None>
    <None Include="shaders\inverse.fs">
      <Filter>Shader Files\PostProcessing</Filter>
    </None>
    <None Include="shaders\grayscale.fs">
      <Filter>Shader Files\PostProcessing</Filter>
    </None>
  </ItemGroup>
</Project>